<Solution>
  <Project Path="AnimalMatchingGame/AnimalMatchingGame.csproj">
    <Deploy Solution="Debug|*" />
  </Project>
  <Project Path="ExperimentWithControls/ExperimentWithControls.csproj" Id="4c486372-4fec-4fa7-aecc-4a56ea46543a">
    <Deploy Solution="Debug|*" />
  </Project>
  <Project Path="MyFirstConsoleApp/MyFirstConsoleApp.csproj" Id="b059785d-c746-4ada-8f38-b5aa5430ac04" />
</Solution>
