<Solution>
  <Project Path="AbilityScore/AbilityScore.csproj" Id="1bd0d190-5f7a-44d9-a903-2353f4c42672" />
  <Project Path="AnimalMatchingGame/AnimalMatchingGame.csproj">
    <Deploy Solution="Debug|*" />
  </Project>
  <Project Path="BettingGame/BettingGame.csproj" Id="ca09caa0-bb10-4d43-9815-3d618b2c5493" />
  <Project Path="BirdInheritancePractice/BirdInheritancePractice.csproj" Id="e77c66b3-b60d-40e8-a45c-8241cdb75178" />
  <Project Path="DamageCalculator/DamageCalculator.csproj" Id="55d05aa8-1624-4464-8563-e89c42fa2cca" />
  <Project Path="ElephantObjects/ElephantObjects.csproj" Id="69f40a59-42ac-4982-a024-86d4b97c6da3" />
  <Project Path="ExperimentWithControls/ExperimentWithControls.csproj" Id="4c486372-4fec-4fa7-aecc-4a56ea46543a">
    <Deploy Solution="Debug|*" />
  </Project>
  <Project Path="GridExample/GridExample.csproj" Id="13444d3f-e1a6-4c60-9d57-b7003b3f2c24">
    <Deploy Solution="Debug|*" />
  </Project>
  <Project Path="Guys/Guys.csproj" Id="dc954217-2841-450d-a3af-9f4a1e9e148b" />
  <Project Path="HeistInheritancePractice/HeistInheritancePractice.csproj" Id="7c5a6264-08d0-4c7c-a479-ca4741f0b19f" />
  <Project Path="Hi-Lo Game/Hi-Lo Game.csproj" Id="6b497a29-9048-453e-b8f4-5120d4d568c2" />
  <Project Path="MAUIDamageCalculator/MAUIDamageCalculator.csproj" Id="0e86b0f1-2e9f-4039-b409-f32a80ee3237">
    <Deploy Solution="Debug|*" />
  </Project>
  <Project Path="MoreWeaponsDamageCalculator/MoreWeaponsDamageCalculator.csproj" Id="f164cc4f-dd8c-407c-b625-0e0a5da0326d" />
  <Project Path="MyFirstConsoleApp/MyFirstConsoleApp.csproj" Id="b059785d-c746-4ada-8f38-b5aa5430ac04" />
  <Project Path="Paintball/Paintball.csproj" Id="5a760e98-4596-441f-bfa7-798b38f5d163" />
  <Project Path="PickRandomCards/PickRandomCards.csproj" Id="c2f60e24-8233-4869-b7af-67f21ba4cd07" />
  <Project Path="PickRandomCardsMAUI/PickRandomCardsMAUI.csproj" Id="5173e1ca-1a50-46f8-9bec-9fe037989eac">
    <Deploy Solution="Debug|*" />
  </Project>
  <Project Path="Short Test File/Short Test File.csproj" Id="3f13c607-aac2-4e44-b971-6ebc68b4cf58" />
  <Project Path="SloppyJoe/SloppyJoe.csproj" Id="9570e0f0-f4cb-4cf3-878f-9d175d891d69">
    <Deploy Solution="Debug|*" />
  </Project>
  <Project Path="TestingTheRandomClass/TestingTheRandomClass.csproj" Id="31e1de91-5be0-4525-bd15-74184345e185" />
</Solution>
